
Microsoft Visual Studio Solution File, Format Version 12.00
# Visual Studio Version 17
VisualStudioVersion = 17.5.002.0
MinimumVisualStudioVersion = 10.0.40219.1
Project("{9A19103F-16F7-4668-BE54-9A1E7A4F7556}") = "MoviesAPI", "MoviesAPI.csproj", "{DAE1CB2B-F333-4600-9261-B498A0A79212}"
EndProject
Global
	GlobalSection(SolutionConfigurationPlatforms) = preSolution
		Debug|Any CPU = Debug|Any CPU
		Release|Any CPU = Release|Any CPU
	EndGlobalSection
	GlobalSection(ProjectConfigurationPlatforms) = postSolution
		{DAE1CB2B-F333-4600-9261-B498A0A79212}.Debug|Any CPU.ActiveCfg = Debug|Any CPU
		{DAE1CB2B-F333-4600-9261-B498A0A79212}.Debug|Any CPU.Build.0 = Debug|Any CPU
		{DAE1CB2B-F333-4600-9261-B498A0A79212}.Release|Any CPU.ActiveCfg = Release|Any CPU
		{DAE1CB2B-F333-4600-9261-B498A0A79212}.Release|Any CPU.Build.0 = Release|Any CPU
	EndGlobalSection
	GlobalSection(SolutionProperties) = preSolution
		HideSolutionNode = FALSE
	EndGlobalSection
	GlobalSection(ExtensibilityGlobals) = postSolution
		SolutionGuid = {ED86C913-B8E8-4E35-932B-A78CA7E5A4E1}
	EndGlobalSection
EndGlobal
